{
  "name": "secret-board",
  "version": "1.0.0",
  "lockfileVersion": 1,
  "requires": true,
  "dependencies": {
    "apache-crypt": {
      "version": "1.2.1",
      "resolved": "https://registry.npmjs.org/apache-crypt/-/apache-crypt-1.2.1.tgz",
      "integrity": "sha1-1vxyqm0n2ZyVqU/RiNcx7v/6Zjw=",
      "requires": {
        "unix-crypt-td-js": "^1.0.0"
      }
    },
    "apache-md5": {
      "version": "1.1.2",
      "resolved": "https://registry.npmjs.org/apache-md5/-/apache-md5-1.1.2.tgz",
      "integrity": "sha1-7klza2ObTxCLbp5ibG2pkwa0FpI="
    },
    "bcryptjs": {
      "version": "2.4.3",
      "resolved": "https://registry.npmjs.org/bcryptjs/-/bcryptjs-2.4.3.tgz",
      "integrity": "sha1-mrVie5PmBiH/fNrF2pczAn3x0Ms="
    },
    "http-auth": {
      "version": "3.2.3",
      "resolved": "https://registry.npmjs.org/http-auth/-/http-auth-3.2.3.tgz",
      "integrity": "sha1-Y2hCtx1uHyyY26Ca9UQXof74thw=",
      "requires": {
        "apache-crypt": "^1.1.2",
        "apache-md5": "^1.0.6",
        "bcryptjs": "^2.3.0",
        "uuid": "^3.0.0"
      }
    },
    "unix-crypt-td-js": {
      "version": "1.0.0",
      "resolved": "https://registry.npmjs.org/unix-crypt-td-js/-/unix-crypt-td-js-1.0.0.tgz",
      "integrity": "sha1-HAgkFQSBvHoB1J6Y8exmjYJBLzs="
    },
    "uuid": {
      "version": "3.3.2",
      "resolved": "https://registry.npmjs.org/uuid/-/uuid-3.3.2.tgz",
      "integrity": "sha512-yXJmeNaw3DnnKAOKJE51sL/ZaYfWJRl1pK9dr19YFCu0ObS231AB1/LbqTKRAQ5kw8A90rA6fr4riOUpTZvQZA=="
    }
  }
}
